
Microsoft Visual Studio Solution File, Format Version 12.00
# Visual Studio Version 17
VisualStudioVersion = 17.12.35209.166
MinimumVisualStudioVersion = 10.0.40219.1
Project("{FAE04EC0-301F-11D3-BF4B-00C04F79EFBC}") = "Sentimentalist", "Sentimentalist.csproj", "{EF72ED87-F9D6-4792-B7D6-B244D931D8EC}"
EndProject
Global
	GlobalSection(SolutionConfigurationPlatforms) = preSolution
		Debug|Any CPU = Debug|Any CPU
		Release|Any CPU = Release|Any CPU
	EndGlobalSection
	GlobalSection(ProjectConfigurationPlatforms) = postSolution
		{EF72ED87-F9D6-4792-B7D6-B244D931D8EC}.Debug|Any CPU.ActiveCfg = Debug|Any CPU
		{EF72ED87-F9D6-4792-B7D6-B244D931D8EC}.Debug|Any CPU.Build.0 = Debug|Any CPU
		{EF72ED87-F9D6-4792-B7D6-B244D931D8EC}.Release|Any CPU.ActiveCfg = Release|Any CPU
		{EF72ED87-F9D6-4792-B7D6-B244D931D8EC}.Release|Any CPU.Build.0 = Release|Any CPU
	EndGlobalSection
	GlobalSection(SolutionProperties) = preSolution
		HideSolutionNode = FALSE
	EndGlobalSection
	GlobalSection(ExtensibilityGlobals) = postSolution
		SolutionGuid = {DFA40710-1BFD-4426-A588-8999D08EB178}
	EndGlobalSection
EndGlobal
